
Microsoft Visual Studio Solution File, Format Version 12.00
# Visual Studio Version 16
VisualStudioVersion = 16.0.30804.86
MinimumVisualStudioVersion = 10.0.40219.1
Project("{FAE04EC0-301F-11D3-BF4B-00C04F79EFBC}") = "Mandelbrot", "Mandelbrot\Mandelbrot.csproj", "{BDB656B8-AD66-4424-8A66-37AE1E1C95CC}"
EndProject
Global
	GlobalSection(SolutionConfigurationPlatforms) = preSolution
		Debug|Any CPU = Debug|Any CPU
		Release|Any CPU = Release|Any CPU
	EndGlobalSection
	GlobalSection(ProjectConfigurationPlatforms) = postSolution
		{BDB656B8-AD66-4424-8A66-37AE1E1C95CC}.Debug|Any CPU.ActiveCfg = Debug|Any CPU
		{BDB656B8-AD66-4424-8A66-37AE1E1C95CC}.Debug|Any CPU.Build.0 = Debug|Any CPU
		{BDB656B8-AD66-4424-8A66-37AE1E1C95CC}.Release|Any CPU.ActiveCfg = Release|Any CPU
		{BDB656B8-AD66-4424-8A66-37AE1E1C95CC}.Release|Any CPU.Build.0 = Release|Any CPU
	EndGlobalSection
	GlobalSection(SolutionProperties) = preSolution
		HideSolutionNode = FALSE
	EndGlobalSection
	GlobalSection(ExtensibilityGlobals) = postSolution
		SolutionGuid = {361110ED-217D-427B-BECB-EFC200E12E5A}
	EndGlobalSection
EndGlobal
